// !$*UTF8*$!
{
	archiveVersion = 1;
	classes = {
	};
	objectVersion = 77;
	objects = {

/* Begin PBXContainerItemProxy section */
		21D8F2062F30082C00D093D7 /* PBXContainerItemProxy */ = {
			isa = PBXContainerItemProxy;
			containerPortal = 21D8F1F02F30082900D093D7 /* Project object */;
			proxyType = 1;
			remoteGlobalIDString = 21D8F1F72F30082900D093D7;
			remoteInfo = macappyessir;
		};
		21D8F2102F30082C00D093D7 /* PBXContainerItemProxy */ = {
			isa = PBXContainerItemProxy;
			containerPortal = 21D8F1F02F30082900D093D7 /* Project object */;
			proxyType = 1;
			remoteGlobalIDString = 21D8F1F72F30082900D093D7;
			remoteInfo = macappyessir;
		};
/* End PBXContainerItemProxy section */

/* Begin PBXFileReference section */
		21D8F1F82F30082900D093D7 /* macappyessir.app */ = {isa = PBXFileReference; explicitFileType = wrapper.application; includeInIndex = 0; path = macappyessir.app; sourceTree = BUILT_PRODUCTS_DIR; };
		21D8F2052F30082C00D093D7 /* macappyessirTests.xctest */ = {isa = PBXFileReference; explicitFileType = wrapper.cfbundle; includeInIndex = 0; path = macappyessirTests.xctest; sourceTree = BUILT_PRODUCTS_DIR; };
		21D8F20F2F30082C00D093D7 /* macappyessirUITests.xctest */ = {isa = PBXFileReference; explicitFileType = wrapper.cfbundle; includeInIndex = 0; path = macappyessirUITests.xctest; sourceTree = BUILT_PRODUCTS_DIR; };
/* End PBXFileReference section */

/* Begin PBXFileSystemSynchronizedRootGroup section */
		21D8F1FA2F30082900D093D7 /* macappyessir */ = {
			isa = PBXFileSystemSynchronizedRootGroup;
			path = macappyessir;
			sourceTree = "<group>";
		};
		21D8F2082F30082C00D093D7 /* macappyessirTests */ = {
			isa = PBXFileSystemSynchronizedRootGroup;
			path = macappyessirTests;
			sourceTree = "<group>";
		};
		21D8F2122F30082C00D093D7 /* macappyessirUITests */ = {
			isa = PBXFileSystemSynchronizedRootGroup;
			path = macappyessirUITests;
			sourceTree = "<group>";
		};
/* End PBXFileSystemSynchronizedRootGroup section */

/* Begin PBXFrameworksBuildPhase section */
		21D8F1F52F30082900D093D7 /* Frameworks */ = {
			isa = PBXFrameworksBuildPhase;
			buildActionMask = 2147483647;
			files = (
			);
			runOnlyForDeploymentPostprocessing = 0;
		};
		21D8F2022F30082C00D093D7 /* Frameworks */ = {
			isa = PBXFrameworksBuildPhase;
			buildActionMask = 2147483647;
			files = (
			);
			runOnlyForDeploymentPostprocessing = 0;
		};
		21D8F20C2F30082C00D093D7 /* Frameworks */ = {
			isa = PBXFrameworksBuildPhase;
			buildActionMask = 2147483647;
			files = (
			);
			runOnlyForDeploymentPostprocessing = 0;
		};
/* End PBXFrameworksBuildPhase section */

/* Begin PBXGroup section */
		21D8F1EF2F30082900D093D7 = {
			isa = PBXGroup;
			children = (
				21D8F1FA2F30082900D093D7 /* macappyessir */,
				21D8F2082F30082C00D093D7 /* macappyessirTests */,
				21D8F2122F30082C00D093D7 /* macappyessirUITests */,
				21D8F1F92F30082900D093D7 /* Products */,
			);
			sourceTree = "<group>";
		};
		21D8F1F92F30082900D093D7 /* Products */ = {
			isa = PBXGroup;
			children = (
				21D8F1F82F30082900D093D7 /* macappyessir.app */,
				21D8F2052F30082C00D093D7 /* macappyessirTests.xctest */,
				21D8F20F2F30082C00D093D7 /* macappyessirUITests.xctest */,
			);
			name = Products;
			sourceTree = "<group>";
		};
/* End PBXGroup section */

/* Begin PBXNativeTarget section */
		21D8F1F72F30082900D093D7 /* macappyessir */ = {
			isa = PBXNativeTarget;
			buildConfigurationList = 21D8F2192F30082C00D093D7 /* Build configuration list for PBXNativeTarget "macappyessir" */;
			buildPhases = (
				21D8F1F42F30082900D093D7 /* Sources */,
				21D8F1F52F30082900D093D7 /* Frameworks */,
				21D8F1F62F30082900D093D7 /* Resources */,
			);
			buildRules = (
			);
			dependencies = (
			);
			fileSystemSynchronizedGroups = (
				21D8F1FA2F30082900D093D7 /* macappyessir */,
			);
			name = macappyessir;
			packageProductDependencies = (
			);
			productName = macappyessir;
			productReference = 21D8F1F82F30082900D093D7 /* macappyessir.app */;
			productType = "com.apple.product-type.application";
		};
		21D8F2042F30082C00D093D7 /* macappyessirTests */ = {
			isa = PBXNativeTarget;
			buildConfigurationList = 21D8F21C2F30082C00D093D7 /* Build configuration list for PBXNativeTarget "macappyessirTests" */;
			buildPhases = (
				21D8F2012F30082C00D093D7 /* Sources */,
				21D8F2022F30082C00D093D7 /* Frameworks */,
				21D8F2032F30082C00D093D7 /* Resources */,
			);
			buildRules = (
			);
			dependencies = (
				21D8F2072F30082C00D093D7 /* PBXTargetDependency */,
			);
			fileSystemSynchronizedGroups = (
				21D8F2082F30082C00D093D7 /* macappyessirTests */,
			);
			name = macappyessirTests;
			packageProductDependencies = (
			);
			productName = macappyessirTests;
			productReference = 21D8F2052F30082C00D093D7 /* macappyessirTests.xctest */;
			productType = "com.apple.product-type.bundle.unit-test";
		};
		21D8F20E2F30082C00D093D7 /* macappyessirUITests */ = {
			isa = PBXNativeTarget;
			buildConfigurationList = 21D8F21F2F30082C00D093D7 /* Build configuration list for PBXNativeTarget "macappyessirUITests" */;
			buildPhases = (
				21D8F20B2F30082C00D093D7 /* Sources */,
				21D8F20C2F30082C00D093D7 /* Frameworks */,
				21D8F20D2F30082C00D093D7 /* Resources */,
			);
			buildRules = (
			);
			dependencies = (
				21D8F2112F30082C00D093D7 /* PBXTargetDependency */,
			);
			fileSystemSynchronizedGroups = (
				21D8F2122F30082C00D093D7 /* macappyessirUITests */,
			);
			name = macappyessirUITests;
			packageProductDependencies = (
			);
			productName = macappyessirUITests;
			productReference = 21D8F20F2F30082C00D093D7 /* macappyessirUITests.xctest */;
			productType = "com.apple.product-type.bundle.ui-testing";
		};
/* End PBXNativeTarget section */

/* Begin PBXProject section */
		21D8F1F02F30082900D093D7 /* Project object */ = {
			isa = PBXProject;
			attributes = {
				BuildIndependentTargetsInParallel = 1;
				LastSwiftUpdateCheck = 2620;
				LastUpgradeCheck = 2620;
				TargetAttributes = {
					21D8F1F72F30082900D093D7 = {
						CreatedOnToolsVersion = 26.2;
					};
					21D8F2042F30082C00D093D7 = {
						CreatedOnToolsVersion = 26.2;
						TestTargetID = 21D8F1F72F30082900D093D7;
					};
					21D8F20E2F30082C00D093D7 = {
						CreatedOnToolsVersion = 26.2;
						TestTargetID = 21D8F1F72F30082900D093D7;
					};
				};
			};
			buildConfigurationList = 21D8F1F32F30082900D093D7 /* Build configuration list for PBXProject "macappyessir" */;
			developmentRegion = en;
			hasScannedForEncodings = 0;
			knownRegions = (
				en,
				Base,
			);
			mainGroup = 21D8F1EF2F30082900D093D7;
			minimizedProjectReferenceProxies = 1;
			preferredProjectObjectVersion = 77;
			productRefGroup = 21D8F1F92F30082900D093D7 /* Products */;
			projectDirPath = "";
			projectRoot = "";
			targets = (
				21D8F1F72F30082900D093D7 /* macappyessir */,
				21D8F2042F30082C00D093D7 /* macappyessirTests */,
				21D8F20E2F30082C00D093D7 /* macappyessirUITests */,
			);
		};
/* End PBXProject section */

/* Begin PBXResourcesBuildPhase section */
		21D8F1F62F30082900D093D7 /* Resources */ = {
			isa = PBXResourcesBuildPhase;
			buildActionMask = 2147483647;
			files = (
			);
			runOnlyForDeploymentPostprocessing = 0;
		};
		21D8F2032F30082C00D093D7 /* Resources */ = {
			isa = PBXResourcesBuildPhase;
			buildActionMask = 2147483647;
			files = (
			);
			runOnlyForDeploymentPostprocessing = 0;
		};
		21D8F20D2F30082C00D093D7 /* Resources */ = {
			isa = PBXResourcesBuildPhase;
			buildActionMask = 2147483647;
			files = (
			);
			runOnlyForDeploymentPostprocessing = 0;
		};
/* End PBXResourcesBuildPhase section */

/* Begin PBXSourcesBuildPhase section */
		21D8F1F42F30082900D093D7 /* Sources */ = {
			isa = PBXSourcesBuildPhase;
			buildActionMask = 2147483647;
			files = (
			);
			runOnlyForDeploymentPostprocessing = 0;
		};
		21D8F2012F30082C00D093D7 /* Sources */ = {
			isa = PBXSourcesBuildPhase;
			buildActionMask = 2147483647;
			files = (
			);
			runOnlyForDeploymentPostprocessing = 0;
		};
		21D8F20B2F30082C00D093D7 /* Sources */ = {
			isa = PBXSourcesBuildPhase;
			buildActionMask = 2147483647;
			files = (
			);
			runOnlyForDeploymentPostprocessing = 0;
		};
/* End PBXSourcesBuildPhase section */

/* Begin PBXTargetDependency section */
		21D8F2072F30082C00D093D7 /* PBXTargetDependency */ = {
			isa = PBXTargetDependency;
			target = 21D8F1F72F30082900D093D7 /* macappyessir */;
			targetProxy = 21D8F2062F30082C00D093D7 /* PBXContainerItemProxy */;
		};
		21D8F2112F30082C00D093D7 /* PBXTargetDependency */ = {
			isa = PBXTargetDependency;
			target = 21D8F1F72F30082900D093D7 /* macappyessir */;
			targetProxy = 21D8F2102F30082C00D093D7 /* PBXContainerItemProxy */;
		};
/* End PBXTargetDependency section */

/* Begin XCBuildConfiguration section */
		21D8F2172F30082C00D093D7 /* Debug */ = {
			isa = XCBuildConfiguration;
			buildSettings = {
				ALWAYS_SEARCH_USER_PATHS = NO;
				ASSETCATALOG_COMPILER_GENERATE_SWIFT_ASSET_SYMBOL_EXTENSIONS = YES;
				CLANG_ANALYZER_NONNULL = YES;
				CLANG_ANALYZER_NUMBER_OBJECT_CONVERSION = YES_AGGRESSIVE;
				CLANG_CXX_LANGUAGE_STANDARD = "gnu++20";
				CLANG_ENABLE_MODULES = YES;
				CLANG_ENABLE_OBJC_ARC = YES;
				CLANG_ENABLE_OBJC_WEAK = YES;
				CLANG_WARN_BLOCK_CAPTURE_AUTORELEASING = YES;
				CLANG_WARN_BOOL_CONVERSION = YES;
				CLANG_WARN_COMMA = YES;
				CLANG_WARN_CONSTANT_CONVERSION = YES;
				CLANG_WARN_DEPRECATED_OBJC_IMPLEMENTATIONS = YES;
				CLANG_WARN_DIRECT_OBJC_ISA_USAGE = YES_ERROR;
				CLANG_WARN_DOCUMENTATION_COMMENTS = YES;
				CLANG_WARN_EMPTY_BODY = YES;
				CLANG_WARN_ENUM_CONVERSION = YES;
				CLANG_WARN_INFINITE_RECURSION = YES;
				CLANG_WARN_INT_CONVERSION = YES;
				CLANG_WARN_NON_LITERAL_NULL_CONVERSION = YES;
				CLANG_WARN_OBJC_IMPLICIT_RETAIN_SELF = YES;
				CLANG_WARN_OBJC_LITERAL_CONVERSION = YES;
				CLANG_WARN_OBJC_ROOT_CLASS = YES_ERROR;
				CLANG_WARN_QUOTED_INCLUDE_IN_FRAMEWORK_HEADER = YES;
				CLANG_WARN_RANGE_LOOP_ANALYSIS = YES;
				CLANG_WARN_STRICT_PROTOTYPES = YES;
				CLANG_WARN_SUSPICIOUS_MOVE = YES;
				CLANG_WARN_UNGUARDED_AVAILABILITY = YES_AGGRESSIVE;
				CLANG_WARN_UNREACHABLE_CODE = YES;
				CLANG_WARN__DUPLICATE_METHOD_MATCH = YES;
				CODE_SIGN_ENTITLEMENTS = macappyessir/macappyessir.entitlements;
				COPY_PHASE_STRIP = NO;
				DEBUG_INFORMATION_FORMAT = dwarf;
				ENABLE_STRICT_OBJC_MSGSEND = YES;
				ENABLE_TESTABILITY = YES;
				ENABLE_USER_SCRIPT_SANDBOXING = YES;
				GCC_C_LANGUAGE_STANDARD = gnu17;
				GCC_DYNAMIC_NO_PIC = NO;
				GCC_NO_COMMON_BLOCKS = YES;
				GCC_OPTIMIZATION_LEVEL = 0;
				GCC_PREPROCESSOR_DEFINITIONS = (
					"DEBUG=1",
					"$(inherited)",
				);
				GCC_WARN_64_TO_32_BIT_CONVERSION = YES;
				GCC_WARN_ABOUT_RETURN_TYPE = YES_ERROR;
				GCC_WARN_UNDECLARED_SELECTOR = YES;
				GCC_WARN_UNINITIALIZED_AUTOS = YES_AGGRESSIVE;
				GCC_WARN_UNUSED_FUNCTION = YES;
				GCC_WARN_UNUSED_VARIABLE = YES;
				INFOPLIST_KEY_CFBundleDisplayName = QuoteHub;
				INFOPLIST_KEY_NSCameraUsageDescription = "This app needs camera access to take photos of job sites for AI-powered estimates.";
				LOCALIZATION_PREFERS_STRING_CATALOGS = YES;
				MACOSX_DEPLOYMENT_TARGET = 15.7;
				MTL_ENABLE_DEBUG_INFO = INCLUDE_SOURCE;
				MTL_FAST_MATH = YES;
				ONLY_ACTIVE_ARCH = YES;
				SDKROOT = macosx;
				SWIFT_ACTIVE_COMPILATION_CONDITIONS = "DEBUG $(inherited)";
				SWIFT_OPTIMIZATION_LEVEL = "-Onone";
			};
			name = Debug;
		};
		21D8F2182F30082C00D093D7 /* Release */ = {
			isa = XCBuildConfiguration;
			buildSettings = {
				ALWAYS_SEARCH_USER_PATHS = NO;
				ASSETCATALOG_COMPILER_GENERATE_SWIFT_ASSET_SYMBOL_EXTENSIONS = YES;
				CLANG_ANALYZER_NONNULL = YES;
				CLANG_ANALYZER_NUMBER_OBJECT_CONVERSION = YES_AGGRESSIVE;
				CLANG_CXX_LANGUAGE_STANDARD = "gnu++20";
				CLANG_ENABLE_MODULES = YES;
				CLANG_ENABLE_OBJC_ARC = YES;
				CLANG_ENABLE_OBJC_WEAK = YES;
				CLANG_WARN_BLOCK_CAPTURE_AUTORELEASING = YES;
				CLANG_WARN_BOOL_CONVERSION = YES;
				CLANG_WARN_COMMA = YES;
				CLANG_WARN_CONSTANT_CONVERSION = YES;
				CLANG_WARN_DEPRECATED_OBJC_IMPLEMENTATIONS = YES;
				CLANG_WARN_DIRECT_OBJC_ISA_USAGE = YES_ERROR;
				CLANG_WARN_DOCUMENTATION_COMMENTS = YES;
				CLANG_WARN_EMPTY_BODY = YES;
				CLANG_WARN_ENUM_CONVERSION = YES;
				CLANG_WARN_INFINITE_RECURSION = YES;
				CLANG_WARN_INT_CONVERSION = YES;
				CLANG_WARN_NON_LITERAL_NULL_CONVERSION = YES;
				CLANG_WARN_OBJC_IMPLICIT_RETAIN_SELF = YES;
				CLANG_WARN_OBJC_LITERAL_CONVERSION = YES;
				CLANG_WARN_OBJC_ROOT_CLASS = YES_ERROR;
				CLANG_WARN_QUOTED_INCLUDE_IN_FRAMEWORK_HEADER = YES;
				CLANG_WARN_RANGE_LOOP_ANALYSIS = YES;
				CLANG_WARN_STRICT_PROTOTYPES = YES;
				CLANG_WARN_SUSPICIOUS_MOVE = YES;
				CLANG_WARN_UNGUARDED_AVAILABILITY = YES_AGGRESSIVE;
				CLANG_WARN_UNREACHABLE_CODE = YES;
				CLANG_WARN__DUPLICATE_METHOD_MATCH = YES;
				CODE_SIGN_ENTITLEMENTS = macappyessir/macappyessir.entitlements;
				COPY_PHASE_STRIP = NO;
				DEBUG_INFORMATION_FORMAT = "dwarf-with-dsym";
				ENABLE_NS_ASSERTIONS = NO;
				ENABLE_STRICT_OBJC_MSGSEND = YES;
				ENABLE_USER_SCRIPT_SANDBOXING = YES;
				GCC_C_LANGUAGE_STANDARD = gnu17;
				GCC_NO_COMMON_BLOCKS = YES;
				GCC_WARN_64_TO_32_BIT_CONVERSION = YES;
				GCC_WARN_ABOUT_RETURN_TYPE = YES_ERROR;
				GCC_WARN_UNDECLARED_SELECTOR = YES;
				GCC_WARN_UNINITIALIZED_AUTOS = YES_AGGRESSIVE;
				GCC_WARN_UNUSED_FUNCTION = YES;
				GCC_WARN_UNUSED_VARIABLE = YES;
				INFOPLIST_KEY_CFBundleDisplayName = QuoteHub;
				INFOPLIST_KEY_NSCameraUsageDescription = "This app needs camera access to take photos of job sites for AI-powered estimates.";
				LOCALIZATION_PREFERS_STRING_CATALOGS = YES;
				MACOSX_DEPLOYMENT_TARGET = 15.7;
				MTL_ENABLE_DEBUG_INFO = NO;
				MTL_FAST_MATH = YES;
				SDKROOT = macosx;
				SWIFT_COMPILATION_MODE = wholemodule;
			};
			name = Release;
		};
		21D8F21A2F30082C00D093D7 /* Debug */ = {
			isa = XCBuildConfiguration;
			buildSettings = {
				ASSETCATALOG_COMPILER_APPICON_NAME = AppIcon;
				ASSETCATALOG_COMPILER_GLOBAL_ACCENT_COLOR_NAME = AccentColor;
				CODE_SIGN_ENTITLEMENTS = macappyessir/macappyessir.entitlements;
				CODE_SIGN_STYLE = Automatic;
				COMBINE_HIDPI_IMAGES = YES;
				CURRENT_PROJECT_VERSION = 1;
				ENABLE_APP_SANDBOX = YES;
				ENABLE_PREVIEWS = YES;
				ENABLE_USER_SELECTED_FILES = readonly;
				GENERATE_INFOPLIST_FILE = YES;
				INFOPLIST_KEY_CFBundleDisplayName = QuoteHub;
				INFOPLIST_KEY_NSCameraUsageDescription = "This app needs camera access to take photos of job sites for AI-powered estimates.";
				INFOPLIST_KEY_NSHumanReadableCopyright = "";
				LD_RUNPATH_SEARCH_PATHS = (
					"$(inherited)",
					"@executable_path/../Frameworks",
				);
				MARKETING_VERSION = 1.0;
				PRODUCT_BUNDLE_IDENTIFIER = hello.macappyessir;
				PRODUCT_NAME = "$(TARGET_NAME)";
				REGISTER_APP_GROUPS = YES;
				STRING_CATALOG_GENERATE_SYMBOLS = YES;
				SWIFT_APPROACHABLE_CONCURRENCY = YES;
				SWIFT_DEFAULT_ACTOR_ISOLATION = MainActor;
				SWIFT_EMIT_LOC_STRINGS = YES;
				SWIFT_UPCOMING_FEATURE_MEMBER_IMPORT_VISIBILITY = YES;
				SWIFT_VERSION = 5.0;
			};
			name = Debug;
		};
		21D8F21B2F30082C00D093D7 /* Release */ = {
			isa = XCBuildConfiguration;
			buildSettings = {
				ASSETCATALOG_COMPILER_APPICON_NAME = AppIcon;
				ASSETCATALOG_COMPILER_GLOBAL_ACCENT_COLOR_NAME = AccentColor;
				CODE_SIGN_ENTITLEMENTS = macappyessir/macappyessir.entitlements;
				CODE_SIGN_STYLE = Automatic;
				COMBINE_HIDPI_IMAGES = YES;
				CURRENT_PROJECT_VERSION = 1;
				ENABLE_APP_SANDBOX = YES;
				ENABLE_PREVIEWS = YES;
				ENABLE_USER_SELECTED_FILES = readonly;
				GENERATE_INFOPLIST_FILE = YES;
				INFOPLIST_KEY_CFBundleDisplayName = QuoteHub;
				INFOPLIST_KEY_NSCameraUsageDescription = "This app needs camera access to take photos of job sites for AI-powered estimates.";
				INFOPLIST_KEY_NSHumanReadableCopyright = "";
				LD_RUNPATH_SEARCH_PATHS = (
					"$(inherited)",
					"@executable_path/../Frameworks",
				);
				MARKETING_VERSION = 1.0;
				PRODUCT_BUNDLE_IDENTIFIER = hello.macappyessir;
				PRODUCT_NAME = "$(TARGET_NAME)";
				REGISTER_APP_GROUPS = YES;
				STRING_CATALOG_GENERATE_SYMBOLS = YES;
				SWIFT_APPROACHABLE_CONCURRENCY = YES;
				SWIFT_DEFAULT_ACTOR_ISOLATION = MainActor;
				SWIFT_EMIT_LOC_STRINGS = YES;
				SWIFT_UPCOMING_FEATURE_MEMBER_IMPORT_VISIBILITY = YES;
				SWIFT_VERSION = 5.0;
			};
			name = Release;
		};
		21D8F21D2F30082C00D093D7 /* Debug */ = {
			isa = XCBuildConfiguration;
			buildSettings = {
				BUNDLE_LOADER = "$(TEST_HOST)";
				CODE_SIGN_ENTITLEMENTS = macappyessir/macappyessir.entitlements;
				CODE_SIGN_STYLE = Automatic;
				CURRENT_PROJECT_VERSION = 1;
				GENERATE_INFOPLIST_FILE = YES;
				INFOPLIST_KEY_CFBundleDisplayName = QuoteHub;
				INFOPLIST_KEY_NSCameraUsageDescription = "This app needs camera access to take photos of job sites for AI-powered estimates.";
				MACOSX_DEPLOYMENT_TARGET = 15.7;
				MARKETING_VERSION = 1.0;
				PRODUCT_BUNDLE_IDENTIFIER = hello.macappyessirTests;
				PRODUCT_NAME = "$(TARGET_NAME)";
				STRING_CATALOG_GENERATE_SYMBOLS = NO;
				SWIFT_APPROACHABLE_CONCURRENCY = YES;
				SWIFT_EMIT_LOC_STRINGS = NO;
				SWIFT_UPCOMING_FEATURE_MEMBER_IMPORT_VISIBILITY = YES;
				SWIFT_VERSION = 5.0;
				TEST_HOST = "$(BUILT_PRODUCTS_DIR)/macappyessir.app/$(BUNDLE_EXECUTABLE_FOLDER_PATH)/macappyessir";
			};
			name = Debug;
		};
		21D8F21E2F30082C00D093D7 /* Release */ = {
			isa = XCBuildConfiguration;
			buildSettings = {
				BUNDLE_LOADER = "$(TEST_HOST)";
				CODE_SIGN_ENTITLEMENTS = macappyessir/macappyessir.entitlements;
				CODE_SIGN_STYLE = Automatic;
				CURRENT_PROJECT_VERSION = 1;
				GENERATE_INFOPLIST_FILE = YES;
				INFOPLIST_KEY_CFBundleDisplayName = QuoteHub;
				INFOPLIST_KEY_NSCameraUsageDescription = "This app needs camera access to take photos of job sites for AI-powered estimates.";
				MACOSX_DEPLOYMENT_TARGET = 15.7;
				MARKETING_VERSION = 1.0;
				PRODUCT_BUNDLE_IDENTIFIER = hello.macappyessirTests;
				PRODUCT_NAME = "$(TARGET_NAME)";
				STRING_CATALOG_GENERATE_SYMBOLS = NO;
				SWIFT_APPROACHABLE_CONCURRENCY = YES;
				SWIFT_EMIT_LOC_STRINGS = NO;
				SWIFT_UPCOMING_FEATURE_MEMBER_IMPORT_VISIBILITY = YES;
				SWIFT_VERSION = 5.0;
				TEST_HOST = "$(BUILT_PRODUCTS_DIR)/macappyessir.app/$(BUNDLE_EXECUTABLE_FOLDER_PATH)/macappyessir";
			};
			name = Release;
		};
		21D8F2202F30082C00D093D7 /* Debug */ = {
			isa = XCBuildConfiguration;
			buildSettings = {
				CODE_SIGN_ENTITLEMENTS = macappyessir/macappyessir.entitlements;
				CODE_SIGN_STYLE = Automatic;
				CURRENT_PROJECT_VERSION = 1;
				GENERATE_INFOPLIST_FILE = YES;
				INFOPLIST_KEY_CFBundleDisplayName = QuoteHub;
				INFOPLIST_KEY_NSCameraUsageDescription = "This app needs camera access to take photos of job sites for AI-powered estimates.";
				MARKETING_VERSION = 1.0;
				PRODUCT_BUNDLE_IDENTIFIER = hello.macappyessirUITests;
				PRODUCT_NAME = "$(TARGET_NAME)";
				STRING_CATALOG_GENERATE_SYMBOLS = NO;
				SWIFT_APPROACHABLE_CONCURRENCY = YES;
				SWIFT_EMIT_LOC_STRINGS = NO;
				SWIFT_UPCOMING_FEATURE_MEMBER_IMPORT_VISIBILITY = YES;
				SWIFT_VERSION = 5.0;
				TEST_TARGET_NAME = macappyessir;
			};
			name = Debug;
		};
		21D8F2212F30082C00D093D7 /* Release */ = {
			isa = XCBuildConfiguration;
			buildSettings = {
				CODE_SIGN_ENTITLEMENTS = macappyessir/macappyessir.entitlements;
				CODE_SIGN_STYLE = Automatic;
				CURRENT_PROJECT_VERSION = 1;
				GENERATE_INFOPLIST_FILE = YES;
				INFOPLIST_KEY_CFBundleDisplayName = QuoteHub;
				INFOPLIST_KEY_NSCameraUsageDescription = "This app needs camera access to take photos of job sites for AI-powered estimates.";
				MARKETING_VERSION = 1.0;
				PRODUCT_BUNDLE_IDENTIFIER = hello.macappyessirUITests;
				PRODUCT_NAME = "$(TARGET_NAME)";
				STRING_CATALOG_GENERATE_SYMBOLS = NO;
				SWIFT_APPROACHABLE_CONCURRENCY = YES;
				SWIFT_EMIT_LOC_STRINGS = NO;
				SWIFT_UPCOMING_FEATURE_MEMBER_IMPORT_VISIBILITY = YES;
				SWIFT_VERSION = 5.0;
				TEST_TARGET_NAME = macappyessir;
			};
			name = Release;
		};
/* End XCBuildConfiguration section */

/* Begin XCConfigurationList section */
		21D8F1F32F30082900D093D7 /* Build configuration list for PBXProject "macappyessir" */ = {
			isa = XCConfigurationList;
			buildConfigurations = (
				21D8F2172F30082C00D093D7 /* Debug */,
				21D8F2182F30082C00D093D7 /* Release */,
			);
			defaultConfigurationIsVisible = 0;
			defaultConfigurationName = Release;
		};
		21D8F2192F30082C00D093D7 /* Build configuration list for PBXNativeTarget "macappyessir" */ = {
			isa = XCConfigurationList;
			buildConfigurations = (
				21D8F21A2F30082C00D093D7 /* Debug */,
				21D8F21B2F30082C00D093D7 /* Release */,
			);
			defaultConfigurationIsVisible = 0;
			defaultConfigurationName = Release;
		};
		21D8F21C2F30082C00D093D7 /* Build configuration list for PBXNativeTarget "macappyessirTests" */ = {
			isa = XCConfigurationList;
			buildConfigurations = (
				21D8F21D2F30082C00D093D7 /* Debug */,
				21D8F21E2F30082C00D093D7 /* Release */,
			);
			defaultConfigurationIsVisible = 0;
			defaultConfigurationName = Release;
		};
		21D8F21F2F30082C00D093D7 /* Build configuration list for PBXNativeTarget "macappyessirUITests" */ = {
			isa = XCConfigurationList;
			buildConfigurations = (
				21D8F2202F30082C00D093D7 /* Debug */,
				21D8F2212F30082C00D093D7 /* Release */,
			);
			defaultConfigurationIsVisible = 0;
			defaultConfigurationName = Release;
		};
/* End XCConfigurationList section */
	};
	rootObject = 21D8F1F02F30082900D093D7 /* Project object */;
}
